<?xml version="1.0" encoding="utf-8"?>
<Project ToolsVersion="4.0" xmlns="http://schemas.microsoft.com/developer/msbuild/2003">
  <ItemGroup>
    <Filter Include="Source Files">
      <UniqueIdentifier>{4FC737F1-C7A5-4376-A066-2A32D752A2FF}</UniqueIdentifier>
      <Extensions>cpp;c;cc;cxx;def;odl;idl;hpj;bat;asm;asmx</Extensions>
    </Filter>
    <Filter Include="Header Files">
      <UniqueIdentifier>{93995380-89BD-4b04-88EB-625FBE52EBFB}</UniqueIdentifier>
      <Extensions>h;hh;hpp;hxx;hm;inl;inc;xsd</Extensions>
    </Filter>
    <Filter Include="Resource Files">
      <UniqueIdentifier>{67DA6AB6-F800-4c08-8B7A-83BB121AAD01}</UniqueIdentifier>
      <Extensions>rc;ico;cur;bmp;dlg;rc2;rct;bin;rgs;gif;jpg;jpeg;jpe;resx;tiff;tif;png;wav;mfcribbon-ms</Extensions>
    </Filter>
    <Filter Include="Mesh Loader">
      <UniqueIdentifier>{ade7b222-734d-4870-bd8c-63c7c42f35ff}</UniqueIdentifier>
    </Filter>
    <Filter Include="Entities Classes">
      <UniqueIdentifier>{69a77cc5-2d68-4294-b262-a416f2fb3633}</UniqueIdentifier>
    </Filter>
  </ItemGroup>
  <ItemGroup>
    <ClCompile Include="UsefulCode.cpp">
      <Filter>Source Files</Filter>
    </ClCompile>
    <ClCompile Include="Source.cpp">
      <Filter>Source Files</Filter>
    </ClCompile>
    <ClCompile Include="Window.cpp">
      <Filter>Source Files</Filter>
    </ClCompile>
    <ClCompile Include="Entity.cpp">
      <Filter>Entities Classes</Filter>
    </ClCompile>
    <ClCompile Include="Object.cpp">
      <Filter>Entities Classes</Filter>
    </ClCompile>
    <ClCompile Include="Mesh.cpp">
      <Filter>Mesh Loader</Filter>
    </ClCompile>
    <ClCompile Include="OBJLoader.cpp">
      <Filter>Mesh Loader</Filter>
    </ClCompile>
    <ClCompile Include="Camera.cpp">
      <Filter>Entities Classes</Filter>
    </ClCompile>
    <ClCompile Include="Projectile.cpp">
      <Filter>Entities Classes</Filter>
    </ClCompile>
  </ItemGroup>
  <ItemGroup>
    <ClInclude Include="Source.h">
      <Filter>Header Files</Filter>
    </ClInclude>
    <ClInclude Include="Window.h">
      <Filter>Header Files</Filter>
    </ClInclude>
    <ClInclude Include="Entity.h">
      <Filter>Entities Classes</Filter>
    </ClInclude>
    <ClInclude Include="Object.h">
      <Filter>Entities Classes</Filter>
    </ClInclude>
    <ClInclude Include="Mesh.h">
      <Filter>Mesh Loader</Filter>
    </ClInclude>
    <ClInclude Include="OBJLoader.h">
      <Filter>Mesh Loader</Filter>
    </ClInclude>
    <ClInclude Include="Camera.h">
      <Filter>Entities Classes</Filter>
    </ClInclude>
    <ClInclude Include="Projectile.h">
      <Filter>Entities Classes</Filter>
    </ClInclude>
  </ItemGroup>
  <ItemGroup>
    <None Include="fs_model.glsl">
      <Filter>Source Files</Filter>
    </None>
    <None Include="vs_model.glsl">
      <Filter>Source Files</Filter>
    </None>
  </ItemGroup>
</Project>